{
  "R": {
    "Version": "4.1.1",
    "Repositories": [
      {
        "Name": "CRAN",
        "URL": "https://cloud.r-project.org"
      }
    ]
  },
  "Bioconductor": {
    "Version": "3.14"
  },
  "Packages": {
    "BH": {
      "Package": "BH",
      "Version": "1.78.0-0",
      "Source": "Repository",
      "Repository": "CRAN",
      "Hash": "4e348572ffcaa2fb1e610e7a941f6f3a",
      "Requirements": []
    },
    "Biobase": {
      "Package": "Biobase",
      "Version": "2.54.0",
      "Source": "Bioconductor",
      "git_url": "https://git.bioconductor.org/packages/Biobase",
      "git_branch": "RELEASE_3_14",
      "git_last_commit": "8215d76",
      "git_last_commit_date": "2021-10-26",
      "Hash": "767057b0e2897e2a43b59718be888ccd",
      "Requirements": [
        "BiocGenerics"
      ]
    },
    "BiocGenerics": {
      "Package": "BiocGenerics",
      "Version": "0.40.0",
      "Source": "Bioconductor",
      "git_url": "https://git.bioconductor.org/packages/BiocGenerics",
      "git_branch": "RELEASE_3_14",
      "git_last_commit": "0bc1e0e",
      "git_last_commit_date": "2021-10-26",
      "Hash": "ddc1d29bbe66aaef34b0d17620b61a69",
      "Requirements": []
    },
    "BiocManager": {
      "Package": "BiocManager",
      "Version": "1.30.16",
      "Source": "Repository",
      "Repository": "CRAN",
      "Hash": "2fdca0877debdd4668190832cdee4c31",
      "Requirements": []
    },
    "BiocParallel": {
      "Package": "BiocParallel",
      "Version": "1.28.3",
      "Source": "Bioconductor",
      "git_url": "https://git.bioconductor.org/packages/BiocParallel",
      "git_branch": "RELEASE_3_14",
      "git_last_commit": "2f9d88a",
      "git_last_commit_date": "2021-12-07",
      "Hash": "460c266560eefcf641c3d7c5169e5bb3",
      "Requirements": [
        "BH",
        "futile.logger",
        "snow"
      ]
    },
    "BiocVersion": {
      "Package": "BiocVersion",
      "Version": "3.14.0",
      "Source": "Bioconductor",
      "git_url": "https://git.bioconductor.org/packages/BiocVersion",
      "git_branch": "master",
      "git_last_commit": "aa56d93",
      "git_last_commit_date": "2021-05-19",
      "Hash": "e57437f82a5c13263a9cf442b9796ba3",
      "Requirements": []
    },
    "DelayedArray": {
      "Package": "DelayedArray",
      "Version": "0.20.0",
      "Source": "Bioconductor",
      "git_url": "https://git.bioconductor.org/packages/DelayedArray",
      "git_branch": "RELEASE_3_14",
      "git_last_commit": "829b529",
      "git_last_commit_date": "2021-10-26",
      "Hash": "8400bc4ac5cf78a44eefa2395a2ed782",
      "Requirements": [
        "BiocGenerics",
        "IRanges",
        "Matrix",
        "MatrixGenerics",
        "S4Vectors"
      ]
    },
    "DelayedMatrixStats": {
      "Package": "DelayedMatrixStats",
      "Version": "1.16.0",
      "Source": "Bioconductor",
      "git_url": "https://git.bioconductor.org/packages/DelayedMatrixStats",
      "git_branch": "RELEASE_3_14",
      "git_last_commit": "d44a3d7",
      "git_last_commit_date": "2021-10-26",
      "Hash": "9ae660d2827845adeaa2fbdc3e6ad468",
      "Requirements": [
        "DelayedArray",
        "IRanges",
        "Matrix",
        "MatrixGenerics",
        "S4Vectors",
        "matrixStats",
        "sparseMatrixStats"
      ]
    },
    "DropletUtils": {
      "Package": "DropletUtils",
      "Version": "1.14.2",
      "Source": "Bioconductor",
      "git_url": "https://git.bioconductor.org/packages/DropletUtils",
      "git_branch": "RELEASE_3_14",
      "git_last_commit": "945504d",
      "git_last_commit_date": "2022-01-08",
      "Hash": "2fd458564ca4b25deebe60541fea87c3",
      "Requirements": [
        "BH",
        "BiocGenerics",
        "BiocParallel",
        "DelayedArray",
        "DelayedMatrixStats",
        "GenomicRanges",
        "HDF5Array",
        "IRanges",
        "Matrix",
        "R.utils",
        "Rcpp",
        "Rhdf5lib",
        "S4Vectors",
        "SingleCellExperiment",
        "SummarizedExperiment",
        "beachmat",
        "dqrng",
        "edgeR",
        "rhdf5",
        "scuttle"
      ]
    },
    "GenomeInfoDb": {
      "Package": "GenomeInfoDb",
      "Version": "1.30.0",
      "Source": "Bioconductor",
      "git_url": "https://git.bioconductor.org/packages/GenomeInfoDb",
      "git_branch": "RELEASE_3_14",
      "git_last_commit": "8f1b851",
      "git_last_commit_date": "2021-10-26",
      "Hash": "60675b8b38328ccf13406f136c0cf1ee",
      "Requirements": [
        "BiocGenerics",
        "GenomeInfoDbData",
        "IRanges",
        "RCurl",
        "S4Vectors"
      ]
    },
    "GenomeInfoDbData": {
      "Package": "GenomeInfoDbData",
      "Version": "1.2.7",
      "Source": "Bioconductor",
      "Hash": "89e8144e21da34e26b7c05945cefa3ca",
      "Requirements": []
    },
    "GenomicRanges": {
      "Package": "GenomicRanges",
      "Version": "1.46.1",
      "Source": "Bioconductor",
      "git_url": "https://git.bioconductor.org/packages/GenomicRanges",
      "git_branch": "RELEASE_3_14",
      "git_last_commit": "e422642",
      "git_last_commit_date": "2021-11-16",
      "Hash": "4d9cdd0c25e0c40075a2756aa78f4960",
      "Requirements": [
        "BiocGenerics",
        "GenomeInfoDb",
        "IRanges",
        "S4Vectors",
        "XVector"
      ]
    },
    "HDF5Array": {
      "Package": "HDF5Array",
      "Version": "1.22.1",
      "Source": "Bioconductor",
      "git_url": "https://git.bioconductor.org/packages/HDF5Array",
      "git_branch": "RELEASE_3_14",
      "git_last_commit": "b3f091f",
      "git_last_commit_date": "2021-11-13",
      "Hash": "04b03e15910f87fc66dc76cf5f396c7b",
      "Requirements": [
        "BiocGenerics",
        "DelayedArray",
        "IRanges",
        "Matrix",
        "Rhdf5lib",
        "S4Vectors",
        "rhdf5",
        "rhdf5filters"
      ]
    },
    "IRanges": {
      "Package": "IRanges",
      "Version": "2.28.0",
      "Source": "Bioconductor",
      "git_url": "https://git.bioconductor.org/packages/IRanges",
      "git_branch": "RELEASE_3_14",
      "git_last_commit": "d85ee90",
      "git_last_commit_date": "2021-10-26",
      "Hash": "8299b0f981c924a2b824be548f836e9d",
      "Requirements": [
        "BiocGenerics",
        "S4Vectors"
      ]
    },
    "MASS": {
      "Package": "MASS",
      "Version": "7.3-54",
      "Source": "Repository",
      "Repository": "CRAN",
      "Hash": "0e59129db205112e3963904db67fd0dc",
      "Requirements": []
    },
    "Matrix": {
      "Package": "Matrix",
      "Version": "1.3-4",
      "Source": "Repository",
      "Repository": "CRAN",
      "Hash": "4ed05e9c9726267e4a5872e09c04587c",
      "Requirements": [
        "lattice"
      ]
    },
    "MatrixGenerics": {
      "Package": "MatrixGenerics",
      "Version": "1.6.0",
      "Source": "Bioconductor",
      "git_url": "https://git.bioconductor.org/packages/MatrixGenerics",
      "git_branch": "RELEASE_3_14",
      "git_last_commit": "4588a60",
      "git_last_commit_date": "2021-10-26",
      "Hash": "506b92cb263d9e014a391b41939badcf",
      "Requirements": [
        "matrixStats"
      ]
    },
    "R.methodsS3": {
      "Package": "R.methodsS3",
      "Version": "1.8.1",
      "Source": "Repository",
      "Repository": "CRAN",
      "Hash": "4bf6453323755202d5909697b6f7c109",
      "Requirements": []
    },
    "R.oo": {
      "Package": "R.oo",
      "Version": "1.24.0",
      "Source": "Repository",
      "Repository": "CRAN",
      "Hash": "5709328352717e2f0a9c012be8a97554",
      "Requirements": [
        "R.methodsS3"
      ]
    },
    "R.utils": {
      "Package": "R.utils",
      "Version": "2.11.0",
      "Source": "Repository",
      "Repository": "CRAN",
      "Hash": "a7ecb8e60815c7a18648e84cd121b23a",
      "Requirements": [
        "R.methodsS3",
        "R.oo"
      ]
    },
    "R6": {
      "Package": "R6",
      "Version": "2.5.1",
      "Source": "Repository",
      "Repository": "CRAN",
      "Hash": "470851b6d5d0ac559e9d01bb352b4021",
      "Requirements": []
    },
    "RColorBrewer": {
      "Package": "RColorBrewer",
      "Version": "1.1-2",
      "Source": "Repository",
      "Repository": "CRAN",
      "Hash": "e031418365a7f7a766181ab5a41a5716",
      "Requirements": []
    },
    "RCurl": {
      "Package": "RCurl",
      "Version": "1.98-1.5",
      "Source": "Repository",
      "Repository": "CRAN",
      "Hash": "5cc50d9d40a284cb8b1c8604901acf89",
      "Requirements": [
        "bitops"
      ]
    },
    "Rcpp": {
      "Package": "Rcpp",
      "Version": "1.0.8.3",
      "Source": "Repository",
      "Repository": "CRAN",
      "Hash": "32e79b908fda56ee57fe518a8d37b864",
      "Requirements": []
    },
    "Rhdf5lib": {
      "Package": "Rhdf5lib",
      "Version": "1.16.0",
      "Source": "Bioconductor",
      "git_url": "https://git.bioconductor.org/packages/Rhdf5lib",
      "git_branch": "RELEASE_3_14",
      "git_last_commit": "534c497",
      "git_last_commit_date": "2021-10-26",
      "Hash": "720badd4eb76a481fb97d65e08dc67f0",
      "Requirements": []
    },
    "S4Vectors": {
      "Package": "S4Vectors",
      "Version": "0.32.3",
      "Source": "Bioconductor",
      "git_url": "https://git.bioconductor.org/packages/S4Vectors",
      "git_branch": "RELEASE_3_14",
      "git_last_commit": "ad90e78",
      "git_last_commit_date": "2021-11-18",
      "Hash": "7c01112d4a7528159c335b486a046101",
      "Requirements": [
        "BiocGenerics"
      ]
    },
    "SingleCellExperiment": {
      "Package": "SingleCellExperiment",
      "Version": "1.16.0",
      "Source": "Bioconductor",
      "git_url": "https://git.bioconductor.org/packages/SingleCellExperiment",
      "git_branch": "RELEASE_3_14",
      "git_last_commit": "bb27609",
      "git_last_commit_date": "2021-10-26",
      "Hash": "27d907d4865fa44f6f17f757352ae7a3",
      "Requirements": [
        "BiocGenerics",
        "DelayedArray",
        "GenomicRanges",
        "S4Vectors",
        "SummarizedExperiment"
      ]
    },
    "SummarizedExperiment": {
      "Package": "SummarizedExperiment",
      "Version": "1.24.0",
      "Source": "Bioconductor",
      "git_url": "https://git.bioconductor.org/packages/SummarizedExperiment",
      "git_branch": "RELEASE_3_14",
      "git_last_commit": "d37f193",
      "git_last_commit_date": "2021-10-26",
      "Hash": "619feb3635b27a198477316a033b1ea8",
      "Requirements": [
        "Biobase",
        "BiocGenerics",
        "DelayedArray",
        "GenomeInfoDb",
        "GenomicRanges",
        "IRanges",
        "Matrix",
        "MatrixGenerics",
        "S4Vectors"
      ]
    },
    "XVector": {
      "Package": "XVector",
      "Version": "0.34.0",
      "Source": "Bioconductor",
      "git_url": "https://git.bioconductor.org/packages/XVector",
      "git_branch": "RELEASE_3_14",
      "git_last_commit": "06adb25",
      "git_last_commit_date": "2021-10-26",
      "Hash": "9830cb6fc09640591c2f6436467af3c5",
      "Requirements": [
        "BiocGenerics",
        "IRanges",
        "S4Vectors",
        "zlibbioc"
      ]
    },
    "beachmat": {
      "Package": "beachmat",
      "Version": "2.10.0",
      "Source": "Bioconductor",
      "git_url": "https://git.bioconductor.org/packages/beachmat",
      "git_branch": "RELEASE_3_14",
      "git_last_commit": "b7cc532",
      "git_last_commit_date": "2021-10-26",
      "Hash": "f58f6f48893416211092b9600ddeba67",
      "Requirements": [
        "BiocGenerics",
        "DelayedArray",
        "Matrix",
        "Rcpp"
      ]
    },
    "bitops": {
      "Package": "bitops",
      "Version": "1.0-7",
      "Source": "Repository",
      "Repository": "CRAN",
      "Hash": "b7d8d8ee39869c18d8846a184dd8a1af",
      "Requirements": []
    },
    "cli": {
      "Package": "cli",
      "Version": "3.1.1",
      "Source": "Repository",
      "Repository": "CRAN",
      "Hash": "da5160e769a652e3ec7111d63883f9bc",
      "Requirements": [
        "glue"
      ]
    },
    "colorspace": {
      "Package": "colorspace",
      "Version": "2.0-2",
      "Source": "Repository",
      "Repository": "CRAN",
      "Hash": "6baccb763ee83c0bd313460fdb8b8a84",
      "Requirements": []
    },
    "cpp11": {
      "Package": "cpp11",
      "Version": "0.4.2",
      "Source": "Repository",
      "Repository": "CRAN",
      "Hash": "fa53ce256cd280f468c080a58ea5ba8c",
      "Requirements": []
    },
    "crayon": {
      "Package": "crayon",
      "Version": "1.4.2",
      "Source": "Repository",
      "Repository": "CRAN",
      "Hash": "0a6a65d92bd45b47b94b84244b528d17",
      "Requirements": []
    },
    "digest": {
      "Package": "digest",
      "Version": "0.6.29",
      "Source": "Repository",
      "Repository": "CRAN",
      "Hash": "cf6b206a045a684728c3267ef7596190",
      "Requirements": []
    },
    "dplyr": {
      "Package": "dplyr",
      "Version": "1.0.8",
      "Source": "Repository",
      "Repository": "CRAN",
      "Hash": "ef47665e64228a17609d6df877bf86f2",
      "Requirements": [
        "R6",
        "generics",
        "glue",
        "lifecycle",
        "magrittr",
        "pillar",
        "rlang",
        "tibble",
        "tidyselect",
        "vctrs"
      ]
    },
    "dqrng": {
      "Package": "dqrng",
      "Version": "0.3.0",
      "Source": "Repository",
      "Repository": "CRAN",
      "Hash": "3ce2af5ead3b01c518fd453c7fe5a51a",
      "Requirements": [
        "BH",
        "Rcpp",
        "sitmo"
      ]
    },
    "edgeR": {
      "Package": "edgeR",
      "Version": "3.36.0",
      "Source": "Bioconductor",
      "git_url": "https://git.bioconductor.org/packages/edgeR",
      "git_branch": "RELEASE_3_14",
      "git_last_commit": "c7db03a",
      "git_last_commit_date": "2021-10-26",
      "Hash": "670b85ad64219de76ff7e539a41b58a6",
      "Requirements": [
        "Rcpp",
        "limma",
        "locfit"
      ]
    },
    "ellipsis": {
      "Package": "ellipsis",
      "Version": "0.3.2",
      "Source": "Repository",
      "Repository": "CRAN",
      "Hash": "bb0eec2fe32e88d9e2836c2f73ea2077",
      "Requirements": [
        "rlang"
      ]
    },
    "fansi": {
      "Package": "fansi",
      "Version": "1.0.2",
      "Source": "Repository",
      "Repository": "CRAN",
      "Hash": "f28149c2d7a1342a834b314e95e67260",
      "Requirements": []
    },
    "farver": {
      "Package": "farver",
      "Version": "2.1.0",
      "Source": "Repository",
      "Repository": "CRAN",
      "Hash": "c98eb5133d9cb9e1622b8691487f11bb",
      "Requirements": []
    },
    "formatR": {
      "Package": "formatR",
      "Version": "1.11",
      "Source": "Repository",
      "Repository": "CRAN",
      "Hash": "2590a6a868515a69f258640a51b724c9",
      "Requirements": []
    },
    "futile.logger": {
      "Package": "futile.logger",
      "Version": "1.4.3",
      "Source": "Repository",
      "Repository": "CRAN",
      "Hash": "99f0ace8c05ec7d3683d27083c4f1e7e",
      "Requirements": [
        "futile.options",
        "lambda.r"
      ]
    },
    "futile.options": {
      "Package": "futile.options",
      "Version": "1.0.1",
      "Source": "Repository",
      "Repository": "CRAN",
      "Hash": "0d9bf02413ddc2bbe8da9ce369dcdd2b",
      "Requirements": []
    },
    "generics": {
      "Package": "generics",
      "Version": "0.1.2",
      "Source": "Repository",
      "Repository": "CRAN",
      "Hash": "177475892cf4a55865868527654a7741",
      "Requirements": []
    },
    "ggplot2": {
      "Package": "ggplot2",
      "Version": "3.3.5",
      "Source": "Repository",
      "Repository": "CRAN",
      "Hash": "d7566c471c7b17e095dd023b9ef155ad",
      "Requirements": [
        "MASS",
        "digest",
        "glue",
        "gtable",
        "isoband",
        "mgcv",
        "rlang",
        "scales",
        "tibble",
        "withr"
      ]
    },
    "glue": {
      "Package": "glue",
      "Version": "1.6.1",
      "Source": "Repository",
      "Repository": "CRAN",
      "Hash": "de07842fc27ebf60e1102091c0c85e47",
      "Requirements": []
    },
    "gtable": {
      "Package": "gtable",
      "Version": "0.3.0",
      "Source": "Repository",
      "Repository": "CRAN",
      "Hash": "ac5c6baf7822ce8732b343f14c072c4d",
      "Requirements": []
    },
    "isoband": {
      "Package": "isoband",
      "Version": "0.2.5",
      "Source": "Repository",
      "Repository": "CRAN",
      "Hash": "7ab57a6de7f48a8dc84910d1eca42883",
      "Requirements": []
    },
    "labeling": {
      "Package": "labeling",
      "Version": "0.4.2",
      "Source": "Repository",
      "Repository": "CRAN",
      "Hash": "3d5108641f47470611a32d0bdf357a72",
      "Requirements": []
    },
    "lambda.r": {
      "Package": "lambda.r",
      "Version": "1.2.4",
      "Source": "Repository",
      "Repository": "CRAN",
      "Hash": "b1e925c4b9ffeb901bacf812cbe9a6ad",
      "Requirements": [
        "formatR"
      ]
    },
    "lattice": {
      "Package": "lattice",
      "Version": "0.20-44",
      "Source": "Repository",
      "Repository": "CRAN",
      "Hash": "f36bf1a849d9106dc2af72e501f9de41",
      "Requirements": []
    },
    "lifecycle": {
      "Package": "lifecycle",
      "Version": "1.0.1",
      "Source": "Repository",
      "Repository": "CRAN",
      "Hash": "a6b6d352e3ed897373ab19d8395c98d0",
      "Requirements": [
        "glue",
        "rlang"
      ]
    },
    "limma": {
      "Package": "limma",
      "Version": "3.50.3",
      "Source": "Bioconductor",
      "git_url": "https://git.bioconductor.org/packages/limma",
      "git_branch": "RELEASE_3_14",
      "git_last_commit": "724632d",
      "git_last_commit_date": "2022-04-06",
      "Hash": "b7308f398f87cb720d86a7992af92f6f",
      "Requirements": []
    },
    "locfit": {
      "Package": "locfit",
      "Version": "1.5-9.5",
      "Source": "Repository",
      "Repository": "CRAN",
      "Hash": "ab000f1b849b9378c2b51487c70fe93c",
      "Requirements": [
        "lattice"
      ]
    },
    "magrittr": {
      "Package": "magrittr",
      "Version": "2.0.2",
      "Source": "Repository",
      "Repository": "CRAN",
      "Hash": "cdc87ecd81934679d1557633d8e1fe51",
      "Requirements": []
    },
    "matrixStats": {
      "Package": "matrixStats",
      "Version": "0.61.0",
      "Source": "Repository",
      "Repository": "CRAN",
      "Hash": "b8e6221fc11247b12ab1b055a6f66c27",
      "Requirements": []
    },
    "mgcv": {
      "Package": "mgcv",
      "Version": "1.8-36",
      "Source": "Repository",
      "Repository": "CRAN",
      "Hash": "93cc747b0e1ad882a4570463c3575c23",
      "Requirements": [
        "Matrix",
        "nlme"
      ]
    },
    "munsell": {
      "Package": "munsell",
      "Version": "0.5.0",
      "Source": "Repository",
      "Repository": "CRAN",
      "Hash": "6dfe8bf774944bd5595785e3229d8771",
      "Requirements": [
        "colorspace"
      ]
    },
    "nlme": {
      "Package": "nlme",
      "Version": "3.1-152",
      "Source": "Repository",
      "Repository": "CRAN",
      "Hash": "35de1ce639f20b5e10f7f46260730c65",
      "Requirements": [
        "lattice"
      ]
    },
    "pacman": {
      "Package": "pacman",
      "Version": "0.5.1",
      "Source": "Repository",
      "Repository": "CRAN",
      "Hash": "b37932b67288bc62bb81686b2f337a7d",
      "Requirements": [
        "remotes"
      ]
    },
    "pillar": {
      "Package": "pillar",
      "Version": "1.7.0",
      "Source": "Repository",
      "Repository": "CRAN",
      "Hash": "51dfc97e1b7069e9f7e6f83f3589c22e",
      "Requirements": [
        "cli",
        "crayon",
        "ellipsis",
        "fansi",
        "glue",
        "lifecycle",
        "rlang",
        "utf8",
        "vctrs"
      ]
    },
    "pkgconfig": {
      "Package": "pkgconfig",
      "Version": "2.0.3",
      "Source": "Repository",
      "Repository": "CRAN",
      "Hash": "01f28d4278f15c76cddbea05899c5d6f",
      "Requirements": []
    },
    "plyr": {
      "Package": "plyr",
      "Version": "1.8.7",
      "Source": "Repository",
      "Repository": "CRAN",
      "Hash": "9c17c6ee41639ebdc1d7266546d3b627",
      "Requirements": [
        "Rcpp"
      ]
    },
    "purrr": {
      "Package": "purrr",
      "Version": "0.3.4",
      "Source": "Repository",
      "Repository": "CRAN",
      "Hash": "97def703420c8ab10d8f0e6c72101e02",
      "Requirements": [
        "magrittr",
        "rlang"
      ]
    },
    "remotes": {
      "Package": "remotes",
      "Version": "2.4.2",
      "Source": "Repository",
      "Repository": "CRAN",
      "Hash": "227045be9aee47e6dda9bb38ac870d67",
      "Requirements": []
    },
    "renv": {
      "Package": "renv",
      "Version": "0.15.4",
      "Source": "Repository",
      "Repository": "CRAN",
      "Hash": "c1078316e1d4f70275fc1ea60c0bc431",
      "Requirements": []
    },
    "rhdf5": {
      "Package": "rhdf5",
      "Version": "2.38.1",
      "Source": "Bioconductor",
      "git_url": "https://git.bioconductor.org/packages/rhdf5",
      "git_branch": "RELEASE_3_14",
      "git_last_commit": "1a5587e",
      "git_last_commit_date": "2022-03-09",
      "Hash": "89d9042f74cc5833201eacdb065fc287",
      "Requirements": [
        "Rhdf5lib",
        "rhdf5filters"
      ]
    },
    "rhdf5filters": {
      "Package": "rhdf5filters",
      "Version": "1.6.0",
      "Source": "Bioconductor",
      "git_url": "https://git.bioconductor.org/packages/rhdf5filters",
      "git_branch": "RELEASE_3_14",
      "git_last_commit": "5f7f3a5",
      "git_last_commit_date": "2021-10-26",
      "Hash": "429e1c984126e2a2594ca16632008027",
      "Requirements": [
        "Rhdf5lib"
      ]
    },
    "rlang": {
      "Package": "rlang",
      "Version": "1.0.2",
      "Source": "Repository",
      "Repository": "CRAN",
      "Hash": "04884d9a75d778aca22c7154b8333ec9",
      "Requirements": []
    },
    "scales": {
      "Package": "scales",
      "Version": "1.1.1",
      "Source": "Repository",
      "Repository": "CRAN",
      "Hash": "6f76f71042411426ec8df6c54f34e6dd",
      "Requirements": [
        "R6",
        "RColorBrewer",
        "farver",
        "labeling",
        "lifecycle",
        "munsell",
        "viridisLite"
      ]
    },
    "scuttle": {
      "Package": "scuttle",
      "Version": "1.4.0",
      "Source": "Bioconductor",
      "git_url": "https://git.bioconductor.org/packages/scuttle",
      "git_branch": "RELEASE_3_14",
      "git_last_commit": "b335263",
      "git_last_commit_date": "2021-10-26",
      "Hash": "1c612f905434c933d27f508f294da9e0",
      "Requirements": [
        "BiocGenerics",
        "BiocParallel",
        "DelayedArray",
        "DelayedMatrixStats",
        "GenomicRanges",
        "Matrix",
        "Rcpp",
        "S4Vectors",
        "SingleCellExperiment",
        "SummarizedExperiment",
        "beachmat"
      ]
    },
    "sitmo": {
      "Package": "sitmo",
      "Version": "2.0.2",
      "Source": "Repository",
      "Repository": "CRAN",
      "Hash": "c956d93f6768a9789edbc13072b70c78",
      "Requirements": [
        "Rcpp"
      ]
    },
    "snow": {
      "Package": "snow",
      "Version": "0.4-4",
      "Source": "Repository",
      "Repository": "CRAN",
      "Hash": "40b74690debd20c57d93d8c246b305d4",
      "Requirements": []
    },
    "sparseMatrixStats": {
      "Package": "sparseMatrixStats",
      "Version": "1.6.0",
      "Source": "Bioconductor",
      "git_url": "https://git.bioconductor.org/packages/sparseMatrixStats",
      "git_branch": "RELEASE_3_14",
      "git_last_commit": "78627a8",
      "git_last_commit_date": "2021-10-26",
      "Hash": "f8dd82d2581115df0ea380c91ed8b9f6",
      "Requirements": [
        "Matrix",
        "MatrixGenerics",
        "Rcpp",
        "matrixStats"
      ]
    },
    "tibble": {
      "Package": "tibble",
      "Version": "3.1.6",
      "Source": "Repository",
      "Repository": "CRAN",
      "Hash": "8a8f02d1934dfd6431c671361510dd0b",
      "Requirements": [
        "ellipsis",
        "fansi",
        "lifecycle",
        "magrittr",
        "pillar",
        "pkgconfig",
        "rlang",
        "vctrs"
      ]
    },
    "tidyr": {
      "Package": "tidyr",
      "Version": "1.2.0",
      "Source": "Repository",
      "Repository": "CRAN",
      "Hash": "d8b95b7fee945d7da6888cf7eb71a49c",
      "Requirements": [
        "cpp11",
        "dplyr",
        "ellipsis",
        "glue",
        "lifecycle",
        "magrittr",
        "purrr",
        "rlang",
        "tibble",
        "tidyselect",
        "vctrs"
      ]
    },
    "tidyselect": {
      "Package": "tidyselect",
      "Version": "1.1.2",
      "Source": "Repository",
      "Repository": "CRAN",
      "Hash": "17f6da8cfd7002760a859915ce7eef8f",
      "Requirements": [
        "ellipsis",
        "glue",
        "purrr",
        "rlang",
        "vctrs"
      ]
    },
    "utf8": {
      "Package": "utf8",
      "Version": "1.2.2",
      "Source": "Repository",
      "Repository": "CRAN",
      "Hash": "c9c462b759a5cc844ae25b5942654d13",
      "Requirements": []
    },
    "vctrs": {
      "Package": "vctrs",
      "Version": "0.3.8",
      "Source": "Repository",
      "Repository": "CRAN",
      "Hash": "ecf749a1b39ea72bd9b51b76292261f1",
      "Requirements": [
        "ellipsis",
        "glue",
        "rlang"
      ]
    },
    "viridisLite": {
      "Package": "viridisLite",
      "Version": "0.4.0",
      "Source": "Repository",
      "Repository": "CRAN",
      "Hash": "55e157e2aa88161bdb0754218470d204",
      "Requirements": []
    },
    "withr": {
      "Package": "withr",
      "Version": "2.4.3",
      "Source": "Repository",
      "Repository": "CRAN",
      "Hash": "a376b424c4817cda4920bbbeb3364e85",
      "Requirements": []
    },
    "zlibbioc": {
      "Package": "zlibbioc",
      "Version": "1.40.0",
      "Source": "Bioconductor",
      "git_url": "https://git.bioconductor.org/packages/zlibbioc",
      "git_branch": "RELEASE_3_14",
      "git_last_commit": "3f116b3",
      "git_last_commit_date": "2021-10-26",
      "Hash": "3598bf6c766b0d2c15d1eefefa26d9ef",
      "Requirements": []
    }
  }
}
